
Microsoft Visual Studio Solution File, Format Version 12.00
# Visual Studio Version 16
VisualStudioVersion = 16.0.29409.12
MinimumVisualStudioVersion = 10.0.40219.1
Project("{FAE04EC0-301F-11D3-BF4B-00C04F79EFBC}") = "NumberToWords", "NumberToWords\NumberToWords.csproj", "{5E77D019-2EF7-4654-BDD4-BD73E5CCE6E7}"
EndProject
Global
	GlobalSection(SolutionConfigurationPlatforms) = preSolution
		Debug|Any CPU = Debug|Any CPU
		Release|Any CPU = Release|Any CPU
	EndGlobalSection
	GlobalSection(ProjectConfigurationPlatforms) = postSolution
		{5E77D019-2EF7-4654-BDD4-BD73E5CCE6E7}.Debug|Any CPU.ActiveCfg = Debug|Any CPU
		{5E77D019-2EF7-4654-BDD4-BD73E5CCE6E7}.Debug|Any CPU.Build.0 = Debug|Any CPU
		{5E77D019-2EF7-4654-BDD4-BD73E5CCE6E7}.Release|Any CPU.ActiveCfg = Release|Any CPU
		{5E77D019-2EF7-4654-BDD4-BD73E5CCE6E7}.Release|Any CPU.Build.0 = Release|Any CPU
	EndGlobalSection
	GlobalSection(SolutionProperties) = preSolution
		HideSolutionNode = FALSE
	EndGlobalSection
	GlobalSection(ExtensibilityGlobals) = postSolution
		SolutionGuid = {78C56DD9-15D3-4756-9F08-02BB151BCD91}
	EndGlobalSection
EndGlobal
